PODS:
  - Alamofire (4.9.1)
  - BarcodeScanner (5.0.0)
  - IQKeyboardManagerSwift (6.5.4)
  - PhoneNumberKit (3.3.1):
    - PhoneNumberKit/PhoneNumberKitCore (= 3.3.1)
    - PhoneNumberKit/UIKit (= 3.3.1)
  - PhoneNumberKit/PhoneNumberKitCore (3.3.1)
  - PhoneNumberKit/UIKit (3.3.1):
    - PhoneNumberKit/PhoneNumberKitCore
  - SDWebImage (5.10.0):
    - SDWebImage/Core (= 5.10.0)
  - SDWebImage/Core (5.10.0)
  - SideMenu (4.0.0)
  - SVProgressHUD (2.2.5)
  - XMLMapper (1.6.1):
    - XMLMapper/Core (= 1.6.1)
  - XMLMapper/Core (1.6.1)
  - XMLMapper/Requests (1.6.1):
    - Alamofire (~> 4.9)
    - XMLMapper/Core

DEPENDENCIES:
  - BarcodeScanner
  - IQKeyboardManagerSwift
  - PhoneNumberKit (~> 3.3)
  - SDWebImage (~> 5.0)
  - SideMenu (~> 4.0.0)
  - SVProgressHUD
  - XMLMapper
  - XMLMapper/Requests

SPEC REPOS:
  trunk:
    - Alamofire
    - BarcodeScanner
    - IQKeyboardManagerSwift
    - PhoneNumberKit
    - SDWebImage
    - SideMenu
    - SVProgressHUD
    - XMLMapper

SPEC CHECKSUMS:
  Alamofire: 85e8a02c69d6020a0d734f6054870d7ecb75cf18
  BarcodeScanner: 2f5a53198eae49dc39bf61f2c1f05c04e01ff72d
  IQKeyboardManagerSwift: 2dde0fc70110e8eac7ccce2a46fdbec6a850b414
  PhoneNumberKit: ff153d5e299f6da566cb73c6aa71e354933b2932
  SDWebImage: 9169792e9eec3e45bba2a0c02f74bf8bd922d1ee
  SideMenu: 70ee5657df63ec3382660ec4ef470bf1cf5db07d
  SVProgressHUD: 1428aafac632c1f86f62aa4243ec12008d7a51d6
  XMLMapper: 758f91d48600afe51e1e9a973cbe779df7a20d99

PODFILE CHECKSUM: 9e8df6622b63cd2be4f6e91cdd9f44be099f2af9

COCOAPODS: 1.9.3
